<?xml version="1.0" encoding="utf-8"?>
<Project ToolsVersion="4.0" xmlns="http://schemas.microsoft.com/developer/msbuild/2003">
  <ItemGroup>
    <Filter Include="Source Files">
      <UniqueIdentifier>{4FC737F1-C7A5-4376-A066-2A32D752A2FF}</UniqueIdentifier>
      <Extensions>cpp;c;cc;cxx;c++;cppm;ixx;def;odl;idl;hpj;bat;asm;asmx</Extensions>
    </Filter>
    <Filter Include="Header Files">
      <UniqueIdentifier>{93995380-89BD-4b04-88EB-625FBE52EBFB}</UniqueIdentifier>
      <Extensions>h;hh;hpp;hxx;h++;hm;inl;inc;ipp;xsd</Extensions>
    </Filter>
    <Filter Include="Resource Files">
      <UniqueIdentifier>{67DA6AB6-F800-4c08-8B7A-83BB121AAD01}</UniqueIdentifier>
      <Extensions>rc;ico;cur;bmp;dlg;rc2;rct;bin;rgs;gif;jpg;jpeg;jpe;resx;tiff;tif;png;wav;mfcribbon-ms</Extensions>
    </Filter>
  </ItemGroup>
  <ItemGroup>
    <ClInclude Include="Header Files\p12.h">
      <Filter>Header Files</Filter>
    </ClInclude>
    <ClInclude Include="Header Files\AbstractSolution.h">
      <Filter>Header Files</Filter>
    </ClInclude>
    <ClInclude Include="Header Files\AllHeaders.h">
      <Filter>Header Files</Filter>
    </ClInclude>
    <ClInclude Include="Header Files\p1.h">
      <Filter>Header Files</Filter>
    </ClInclude>
    <ClInclude Include="Header Files\p2.h">
      <Filter>Header Files</Filter>
    </ClInclude>
    <ClInclude Include="Header Files\p3.h">
      <Filter>Header Files</Filter>
    </ClInclude>
    <ClInclude Include="Header Files\p4.h">
      <Filter>Header Files</Filter>
    </ClInclude>
    <ClInclude Include="Header Files\p5.h">
      <Filter>Header Files</Filter>
    </ClInclude>
    <ClInclude Include="Header Files\p6.h">
      <Filter>Header Files</Filter>
    </ClInclude>
    <ClInclude Include="Header Files\p7.h">
      <Filter>Header Files</Filter>
    </ClInclude>
    <ClInclude Include="Header Files\p8.h">
      <Filter>Header Files</Filter>
    </ClInclude>
    <ClInclude Include="Header Files\p9.h">
      <Filter>Header Files</Filter>
    </ClInclude>
    <ClInclude Include="Header Files\p10.h">
      <Filter>Header Files</Filter>
    </ClInclude>
    <ClInclude Include="Header Files\p11.h">
      <Filter>Header Files</Filter>
    </ClInclude>
    <ClInclude Include="Header Files\p13.h">
      <Filter>Header Files</Filter>
    </ClInclude>
    <ClInclude Include="Header Files\p14.h">
      <Filter>Header Files</Filter>
    </ClInclude>
    <ClInclude Include="Header Files\p15.h">
      <Filter>Header Files</Filter>
    </ClInclude>
    <ClInclude Include="Header Files\p16.h">
      <Filter>Header Files</Filter>
    </ClInclude>
    <ClInclude Include="Header Files\p17.h">
      <Filter>Header Files</Filter>
    </ClInclude>
    <ClInclude Include="Header Files\p18.h">
      <Filter>Header Files</Filter>
    </ClInclude>
    <ClInclude Include="Header Files\p802.h">
      <Filter>Header Files</Filter>
    </ClInclude>
    <ClInclude Include="Header Files\p30.h">
      <Filter>Header Files</Filter>
    </ClInclude>
    <ClInclude Include="Header Files\p20.h">
      <Filter>Header Files</Filter>
    </ClInclude>
  </ItemGroup>
  <ItemGroup>
    <ClCompile Include="Source Files\p7.cpp">
      <Filter>Source Files</Filter>
    </ClCompile>
    <ClCompile Include="Source Files\p8.cpp">
      <Filter>Source Files</Filter>
    </ClCompile>
    <ClCompile Include="Source Files\p9.cpp">
      <Filter>Source Files</Filter>
    </ClCompile>
    <ClCompile Include="Source Files\p10.cpp">
      <Filter>Source Files</Filter>
    </ClCompile>
    <ClCompile Include="Source Files\p11.cpp">
      <Filter>Source Files</Filter>
    </ClCompile>
    <ClCompile Include="Source Files\Source.cpp">
      <Filter>Source Files</Filter>
    </ClCompile>
    <ClCompile Include="Source Files\AbstractSolution.cpp">
      <Filter>Source Files</Filter>
    </ClCompile>
    <ClCompile Include="Source Files\p2.cpp">
      <Filter>Source Files</Filter>
    </ClCompile>
    <ClCompile Include="Source Files\p3.cpp">
      <Filter>Source Files</Filter>
    </ClCompile>
    <ClCompile Include="Source Files\p4.cpp">
      <Filter>Source Files</Filter>
    </ClCompile>
    <ClCompile Include="Source Files\p5.cpp">
      <Filter>Source Files</Filter>
    </ClCompile>
    <ClCompile Include="Source Files\p6.cpp">
      <Filter>Source Files</Filter>
    </ClCompile>
    <ClCompile Include="Header Files\p1.cpp">
      <Filter>Source Files</Filter>
    </ClCompile>
    <ClCompile Include="Source Files\p12.cpp">
      <Filter>Source Files</Filter>
    </ClCompile>
    <ClCompile Include="Source Files\p13.cpp">
      <Filter>Source Files</Filter>
    </ClCompile>
    <ClCompile Include="Source Files\p14.cpp">
      <Filter>Source Files</Filter>
    </ClCompile>
    <ClCompile Include="Source Files\p15.cpp">
      <Filter>Source Files</Filter>
    </ClCompile>
    <ClCompile Include="Source Files\p16.cpp">
      <Filter>Source Files</Filter>
    </ClCompile>
    <ClCompile Include="Source Files\p17.cpp">
      <Filter>Source Files</Filter>
    </ClCompile>
    <ClCompile Include="Source Files\p18.cpp">
      <Filter>Source Files</Filter>
    </ClCompile>
    <ClCompile Include="Source Files\p802.cpp">
      <Filter>Source Files</Filter>
    </ClCompile>
    <ClCompile Include="Source Files\p30.cpp">
      <Filter>Source Files</Filter>
    </ClCompile>
  </ItemGroup>
  <ItemGroup>
    <None Include="Source Files\p20.cpp" />
    <None Include="Header Files\Descriptions.md" />
  </ItemGroup>
</Project>